// !$*UTF8*$!
{
	archiveVersion = 1;
	classes = {
	};
	objectVersion = 50;
	objects = {

/* Begin PBXBuildFile section */
		17C8BECD2570872F00B32F93 /* GridView.swift in Sources */ = {isa = PBXBuildFile; fileRef = 17C8BECC2570872F00B32F93 /* GridView.swift */; };
		17C8BECE2570872F00B32F93 /* GridView.swift in Sources */ = {isa = PBXBuildFile; fileRef = 17C8BECC2570872F00B32F93 /* GridView.swift */; };
		17C8BED4257097B900B32F93 /* NSTouchLocationView.swift in Sources */ = {isa = PBXBuildFile; fileRef = 17C8BED3257097B900B32F93 /* NSTouchLocationView.swift */; };
		17C8BED5257097B900B32F93 /* NSTouchLocationView.swift in Sources */ = {isa = PBXBuildFile; fileRef = 17C8BED3257097B900B32F93 /* NSTouchLocationView.swift */; };
		17E111A3257195A8002D71AF /* GridTouchLocationView.swift in Sources */ = {isa = PBXBuildFile; fileRef = 17E111A2257195A8002D71AF /* GridTouchLocationView.swift */; };
		17E111A4257195A8002D71AF /* GridTouchLocationView.swift in Sources */ = {isa = PBXBuildFile; fileRef = 17E111A2257195A8002D71AF /* GridTouchLocationView.swift */; };
		F48CC9F8256F00CF00A6F4A2 /* Conway_s_Game_Of_LifeApp.swift in Sources */ = {isa = PBXBuildFile; fileRef = F48CC9E5256F00CD00A6F4A2 /* Conway_s_Game_Of_LifeApp.swift */; };
		F48CC9F9256F00CF00A6F4A2 /* Conway_s_Game_Of_LifeApp.swift in Sources */ = {isa = PBXBuildFile; fileRef = F48CC9E5256F00CD00A6F4A2 /* Conway_s_Game_Of_LifeApp.swift */; };
		F48CC9FA256F00CF00A6F4A2 /* ContentView.swift in Sources */ = {isa = PBXBuildFile; fileRef = F48CC9E6256F00CD00A6F4A2 /* ContentView.swift */; };
		F48CC9FB256F00CF00A6F4A2 /* ContentView.swift in Sources */ = {isa = PBXBuildFile; fileRef = F48CC9E6256F00CD00A6F4A2 /* ContentView.swift */; };
		F48CC9FC256F00CF00A6F4A2 /* Assets.xcassets in Resources */ = {isa = PBXBuildFile; fileRef = F48CC9E7256F00CF00A6F4A2 /* Assets.xcassets */; };
		F48CC9FD256F00CF00A6F4A2 /* Assets.xcassets in Resources */ = {isa = PBXBuildFile; fileRef = F48CC9E7256F00CF00A6F4A2 /* Assets.xcassets */; };
		F48CCA09256F00DE00A6F4A2 /* GameOfLife.swift in Sources */ = {isa = PBXBuildFile; fileRef = F48CCA08256F00DE00A6F4A2 /* GameOfLife.swift */; };
		F48CCA0A256F00DE00A6F4A2 /* GameOfLife.swift in Sources */ = {isa = PBXBuildFile; fileRef = F48CCA08256F00DE00A6F4A2 /* GameOfLife.swift */; };
		F4F43BD72571ACAB004D0B7D /* Color+.swift in Sources */ = {isa = PBXBuildFile; fileRef = F4F43BD62571ACAB004D0B7D /* Color+.swift */; };
		F4F43BD82571ACAB004D0B7D /* Color+.swift in Sources */ = {isa = PBXBuildFile; fileRef = F4F43BD62571ACAB004D0B7D /* Color+.swift */; };
/* End PBXBuildFile section */

/* Begin PBXFileReference section */
		17C8BECC2570872F00B32F93 /* GridView.swift */ = {isa = PBXFileReference; lastKnownFileType = sourcecode.swift; path = GridView.swift; sourceTree = "<group>"; };
		17C8BED3257097B900B32F93 /* NSTouchLocationView.swift */ = {isa = PBXFileReference; lastKnownFileType = sourcecode.swift; path = NSTouchLocationView.swift; sourceTree = "<group>"; };
		17E111A2257195A8002D71AF /* GridTouchLocationView.swift */ = {isa = PBXFileReference; lastKnownFileType = sourcecode.swift; path = GridTouchLocationView.swift; sourceTree = "<group>"; };
		F48CC9E5256F00CD00A6F4A2 /* Conway_s_Game_Of_LifeApp.swift */ = {isa = PBXFileReference; lastKnownFileType = sourcecode.swift; path = Conway_s_Game_Of_LifeApp.swift; sourceTree = "<group>"; };
		F48CC9E6256F00CD00A6F4A2 /* ContentView.swift */ = {isa = PBXFileReference; lastKnownFileType = sourcecode.swift; path = ContentView.swift; sourceTree = "<group>"; };
		F48CC9E7256F00CF00A6F4A2 /* Assets.xcassets */ = {isa = PBXFileReference; lastKnownFileType = folder.assetcatalog; path = Assets.xcassets; sourceTree = "<group>"; };
		F48CC9EC256F00CF00A6F4A2 /* Conway's Game Of Life.app */ = {isa = PBXFileReference; explicitFileType = wrapper.application; includeInIndex = 0; path = "Conway's Game Of Life.app"; sourceTree = BUILT_PRODUCTS_DIR; };
		F48CC9EF256F00CF00A6F4A2 /* Info.plist */ = {isa = PBXFileReference; lastKnownFileType = text.plist.xml; path = Info.plist; sourceTree = "<group>"; };
		F48CC9F4256F00CF00A6F4A2 /* Conway's Game Of Life.app */ = {isa = PBXFileReference; explicitFileType = wrapper.application; includeInIndex = 0; path = "Conway's Game Of Life.app"; sourceTree = BUILT_PRODUCTS_DIR; };
		F48CC9F6256F00CF00A6F4A2 /* Info.plist */ = {isa = PBXFileReference; lastKnownFileType = text.plist.xml; path = Info.plist; sourceTree = "<group>"; };
		F48CC9F7256F00CF00A6F4A2 /* macOS.entitlements */ = {isa = PBXFileReference; lastKnownFileType = text.plist.entitlements; path = macOS.entitlements; sourceTree = "<group>"; };
		F48CCA08256F00DE00A6F4A2 /* GameOfLife.swift */ = {isa = PBXFileReference; fileEncoding = 4; lastKnownFileType = sourcecode.swift; path = GameOfLife.swift; sourceTree = "<group>"; };
		F4F43BD62571ACAB004D0B7D /* Color+.swift */ = {isa = PBXFileReference; lastKnownFileType = sourcecode.swift; path = "Color+.swift"; sourceTree = "<group>"; };
/* End PBXFileReference section */

/* Begin PBXFrameworksBuildPhase section */
		F48CC9E9256F00CF00A6F4A2 /* Frameworks */ = {
			isa = PBXFrameworksBuildPhase;
			buildActionMask = 2147483647;
			files = (
			);
			runOnlyForDeploymentPostprocessing = 0;
		};
		F48CC9F1256F00CF00A6F4A2 /* Frameworks */ = {
			isa = PBXFrameworksBuildPhase;
			buildActionMask = 2147483647;
			files = (
			);
			runOnlyForDeploymentPostprocessing = 0;
		};
/* End PBXFrameworksBuildPhase section */

/* Begin PBXGroup section */
		F48CC9DF256F00CD00A6F4A2 = {
			isa = PBXGroup;
			children = (
				F48CC9E4256F00CD00A6F4A2 /* Shared */,
				F48CC9EE256F00CF00A6F4A2 /* iOS */,
				F48CC9F5256F00CF00A6F4A2 /* macOS */,
				F48CC9ED256F00CF00A6F4A2 /* Products */,
			);
			sourceTree = "<group>";
		};
		F48CC9E4256F00CD00A6F4A2 /* Shared */ = {
			isa = PBXGroup;
			children = (
				F48CC9E5256F00CD00A6F4A2 /* Conway_s_Game_Of_LifeApp.swift */,
				F48CC9E6256F00CD00A6F4A2 /* ContentView.swift */,
				F48CCA08256F00DE00A6F4A2 /* GameOfLife.swift */,
				17C8BECC2570872F00B32F93 /* GridView.swift */,
				17E111A2257195A8002D71AF /* GridTouchLocationView.swift */,
				F4F43BD62571ACAB004D0B7D /* Color+.swift */,
				F48CC9E7256F00CF00A6F4A2 /* Assets.xcassets */,
			);
			path = Shared;
			sourceTree = "<group>";
		};
		F48CC9ED256F00CF00A6F4A2 /* Products */ = {
			isa = PBXGroup;
			children = (
				F48CC9EC256F00CF00A6F4A2 /* Conway's Game Of Life.app */,
				F48CC9F4256F00CF00A6F4A2 /* Conway's Game Of Life.app */,
			);
			name = Products;
			sourceTree = "<group>";
		};
		F48CC9EE256F00CF00A6F4A2 /* iOS */ = {
			isa = PBXGroup;
			children = (
				F48CC9EF256F00CF00A6F4A2 /* Info.plist */,
			);
			path = iOS;
			sourceTree = "<group>";
		};
		F48CC9F5256F00CF00A6F4A2 /* macOS */ = {
			isa = PBXGroup;
			children = (
				17C8BED3257097B900B32F93 /* NSTouchLocationView.swift */,
				F48CC9F6256F00CF00A6F4A2 /* Info.plist */,
				F48CC9F7256F00CF00A6F4A2 /* macOS.entitlements */,
			);
			path = macOS;
			sourceTree = "<group>";
		};
/* End PBXGroup section */

/* Begin PBXNativeTarget section */
		F48CC9EB256F00CF00A6F4A2 /* Conway's Game Of Life (iOS) */ = {
			isa = PBXNativeTarget;
			buildConfigurationList = F48CCA00256F00CF00A6F4A2 /* Build configuration list for PBXNativeTarget "Conway's Game Of Life (iOS)" */;
			buildPhases = (
				F48CC9E8256F00CF00A6F4A2 /* Sources */,
				F48CC9E9256F00CF00A6F4A2 /* Frameworks */,
				F48CC9EA256F00CF00A6F4A2 /* Resources */,
			);
			buildRules = (
			);
			dependencies = (
			);
			name = "Conway's Game Of Life (iOS)";
			productName = "Conway's Game Of Life (iOS)";
			productReference = F48CC9EC256F00CF00A6F4A2 /* Conway's Game Of Life.app */;
			productType = "com.apple.product-type.application";
		};
		F48CC9F3256F00CF00A6F4A2 /* Conway's Game Of Life (macOS) */ = {
			isa = PBXNativeTarget;
			buildConfigurationList = F48CCA03256F00CF00A6F4A2 /* Build configuration list for PBXNativeTarget "Conway's Game Of Life (macOS)" */;
			buildPhases = (
				F48CC9F0256F00CF00A6F4A2 /* Sources */,
				F48CC9F1256F00CF00A6F4A2 /* Frameworks */,
				F48CC9F2256F00CF00A6F4A2 /* Resources */,
			);
			buildRules = (
			);
			dependencies = (
			);
			name = "Conway's Game Of Life (macOS)";
			productName = "Conway's Game Of Life (macOS)";
			productReference = F48CC9F4256F00CF00A6F4A2 /* Conway's Game Of Life.app */;
			productType = "com.apple.product-type.application";
		};
/* End PBXNativeTarget section */

/* Begin PBXProject section */
		F48CC9E0256F00CD00A6F4A2 /* Project object */ = {
			isa = PBXProject;
			attributes = {
				LastSwiftUpdateCheck = 1220;
				LastUpgradeCheck = 1220;
				TargetAttributes = {
					F48CC9EB256F00CF00A6F4A2 = {
						CreatedOnToolsVersion = 12.2;
					};
					F48CC9F3256F00CF00A6F4A2 = {
						CreatedOnToolsVersion = 12.2;
					};
				};
			};
			buildConfigurationList = F48CC9E3256F00CD00A6F4A2 /* Build configuration list for PBXProject "Conway's Game Of Life" */;
			compatibilityVersion = "Xcode 9.3";
			developmentRegion = en;
			hasScannedForEncodings = 0;
			knownRegions = (
				en,
				Base,
			);
			mainGroup = F48CC9DF256F00CD00A6F4A2;
			productRefGroup = F48CC9ED256F00CF00A6F4A2 /* Products */;
			projectDirPath = "";
			projectRoot = "";
			targets = (
				F48CC9EB256F00CF00A6F4A2 /* Conway's Game Of Life (iOS) */,
				F48CC9F3256F00CF00A6F4A2 /* Conway's Game Of Life (macOS) */,
			);
		};
/* End PBXProject section */

/* Begin PBXResourcesBuildPhase section */
		F48CC9EA256F00CF00A6F4A2 /* Resources */ = {
			isa = PBXResourcesBuildPhase;
			buildActionMask = 2147483647;
			files = (
				F48CC9FC256F00CF00A6F4A2 /* Assets.xcassets in Resources */,
			);
			runOnlyForDeploymentPostprocessing = 0;
		};
		F48CC9F2256F00CF00A6F4A2 /* Resources */ = {
			isa = PBXResourcesBuildPhase;
			buildActionMask = 2147483647;
			files = (
				F48CC9FD256F00CF00A6F4A2 /* Assets.xcassets in Resources */,
			);
			runOnlyForDeploymentPostprocessing = 0;
		};
/* End PBXResourcesBuildPhase section */

/* Begin PBXSourcesBuildPhase section */
		F48CC9E8256F00CF00A6F4A2 /* Sources */ = {
			isa = PBXSourcesBuildPhase;
			buildActionMask = 2147483647;
			files = (
				F4F43BD72571ACAB004D0B7D /* Color+.swift in Sources */,
				F48CC9FA256F00CF00A6F4A2 /* ContentView.swift in Sources */,
				17C8BED4257097B900B32F93 /* NSTouchLocationView.swift in Sources */,
				F48CCA09256F00DE00A6F4A2 /* GameOfLife.swift in Sources */,
				17E111A3257195A8002D71AF /* GridTouchLocationView.swift in Sources */,
				17C8BECD2570872F00B32F93 /* GridView.swift in Sources */,
				F48CC9F8256F00CF00A6F4A2 /* Conway_s_Game_Of_LifeApp.swift in Sources */,
			);
			runOnlyForDeploymentPostprocessing = 0;
		};
		F48CC9F0256F00CF00A6F4A2 /* Sources */ = {
			isa = PBXSourcesBuildPhase;
			buildActionMask = 2147483647;
			files = (
				F4F43BD82571ACAB004D0B7D /* Color+.swift in Sources */,
				F48CC9FB256F00CF00A6F4A2 /* ContentView.swift in Sources */,
				17C8BED5257097B900B32F93 /* NSTouchLocationView.swift in Sources */,
				F48CCA0A256F00DE00A6F4A2 /* GameOfLife.swift in Sources */,
				17E111A4257195A8002D71AF /* GridTouchLocationView.swift in Sources */,
				17C8BECE2570872F00B32F93 /* GridView.swift in Sources */,
				F48CC9F9256F00CF00A6F4A2 /* Conway_s_Game_Of_LifeApp.swift in Sources */,
			);
			runOnlyForDeploymentPostprocessing = 0;
		};
/* End PBXSourcesBuildPhase section */

/* Begin XCBuildConfiguration section */
		F48CC9FE256F00CF00A6F4A2 /* Debug */ = {
			isa = XCBuildConfiguration;
			buildSettings = {
				ALWAYS_SEARCH_USER_PATHS = NO;
				CLANG_ANALYZER_NONNULL = YES;
				CLANG_ANALYZER_NUMBER_OBJECT_CONVERSION = YES_AGGRESSIVE;
				CLANG_CXX_LANGUAGE_STANDARD = "gnu++14";
				CLANG_CXX_LIBRARY = "libc++";
				CLANG_ENABLE_MODULES = YES;
				CLANG_ENABLE_OBJC_ARC = YES;
				CLANG_ENABLE_OBJC_WEAK = YES;
				CLANG_WARN_BLOCK_CAPTURE_AUTORELEASING = YES;
				CLANG_WARN_BOOL_CONVERSION = YES;
				CLANG_WARN_COMMA = YES;
				CLANG_WARN_CONSTANT_CONVERSION = YES;
				CLANG_WARN_DEPRECATED_OBJC_IMPLEMENTATIONS = YES;
				CLANG_WARN_DIRECT_OBJC_ISA_USAGE = YES_ERROR;
				CLANG_WARN_DOCUMENTATION_COMMENTS = YES;
				CLANG_WARN_EMPTY_BODY = YES;
				CLANG_WARN_ENUM_CONVERSION = YES;
				CLANG_WARN_INFINITE_RECURSION = YES;
				CLANG_WARN_INT_CONVERSION = YES;
				CLANG_WARN_NON_LITERAL_NULL_CONVERSION = YES;
				CLANG_WARN_OBJC_IMPLICIT_RETAIN_SELF = YES;
				CLANG_WARN_OBJC_LITERAL_CONVERSION = YES;
				CLANG_WARN_OBJC_ROOT_CLASS = YES_ERROR;
				CLANG_WARN_QUOTED_INCLUDE_IN_FRAMEWORK_HEADER = YES;
				CLANG_WARN_RANGE_LOOP_ANALYSIS = YES;
				CLANG_WARN_STRICT_PROTOTYPES = YES;
				CLANG_WARN_SUSPICIOUS_MOVE = YES;
				CLANG_WARN_UNGUARDED_AVAILABILITY = YES_AGGRESSIVE;
				CLANG_WARN_UNREACHABLE_CODE = YES;
				CLANG_WARN__DUPLICATE_METHOD_MATCH = YES;
				COPY_PHASE_STRIP = NO;
				DEBUG_INFORMATION_FORMAT = dwarf;
				ENABLE_STRICT_OBJC_MSGSEND = YES;
				ENABLE_TESTABILITY = YES;
				GCC_C_LANGUAGE_STANDARD = gnu11;
				GCC_DYNAMIC_NO_PIC = NO;
				GCC_NO_COMMON_BLOCKS = YES;
				GCC_OPTIMIZATION_LEVEL = 0;
				GCC_PREPROCESSOR_DEFINITIONS = (
					"DEBUG=1",
					"$(inherited)",
				);
				GCC_WARN_64_TO_32_BIT_CONVERSION = YES;
				GCC_WARN_ABOUT_RETURN_TYPE = YES_ERROR;
				GCC_WARN_UNDECLARED_SELECTOR = YES;
				GCC_WARN_UNINITIALIZED_AUTOS = YES_AGGRESSIVE;
				GCC_WARN_UNUSED_FUNCTION = YES;
				GCC_WARN_UNUSED_VARIABLE = YES;
				MTL_ENABLE_DEBUG_INFO = INCLUDE_SOURCE;
				MTL_FAST_MATH = YES;
				ONLY_ACTIVE_ARCH = YES;
				SWIFT_ACTIVE_COMPILATION_CONDITIONS = DEBUG;
				SWIFT_OPTIMIZATION_LEVEL = "-Onone";
			};
			name = Debug;
		};
		F48CC9FF256F00CF00A6F4A2 /* Release */ = {
			isa = XCBuildConfiguration;
			buildSettings = {
				ALWAYS_SEARCH_USER_PATHS = NO;
				CLANG_ANALYZER_NONNULL = YES;
				CLANG_ANALYZER_NUMBER_OBJECT_CONVERSION = YES_AGGRESSIVE;
				CLANG_CXX_LANGUAGE_STANDARD = "gnu++14";
				CLANG_CXX_LIBRARY = "libc++";
				CLANG_ENABLE_MODULES = YES;
				CLANG_ENABLE_OBJC_ARC = YES;
				CLANG_ENABLE_OBJC_WEAK = YES;
				CLANG_WARN_BLOCK_CAPTURE_AUTORELEASING = YES;
				CLANG_WARN_BOOL_CONVERSION = YES;
				CLANG_WARN_COMMA = YES;
				CLANG_WARN_CONSTANT_CONVERSION = YES;
				CLANG_WARN_DEPRECATED_OBJC_IMPLEMENTATIONS = YES;
				CLANG_WARN_DIRECT_OBJC_ISA_USAGE = YES_ERROR;
				CLANG_WARN_DOCUMENTATION_COMMENTS = YES;
				CLANG_WARN_EMPTY_BODY = YES;
				CLANG_WARN_ENUM_CONVERSION = YES;
				CLANG_WARN_INFINITE_RECURSION = YES;
				CLANG_WARN_INT_CONVERSION = YES;
				CLANG_WARN_NON_LITERAL_NULL_CONVERSION = YES;
				CLANG_WARN_OBJC_IMPLICIT_RETAIN_SELF = YES;
				CLANG_WARN_OBJC_LITERAL_CONVERSION = YES;
				CLANG_WARN_OBJC_ROOT_CLASS = YES_ERROR;
				CLANG_WARN_QUOTED_INCLUDE_IN_FRAMEWORK_HEADER = YES;
				CLANG_WARN_RANGE_LOOP_ANALYSIS = YES;
				CLANG_WARN_STRICT_PROTOTYPES = YES;
				CLANG_WARN_SUSPICIOUS_MOVE = YES;
				CLANG_WARN_UNGUARDED_AVAILABILITY = YES_AGGRESSIVE;
				CLANG_WARN_UNREACHABLE_CODE = YES;
				CLANG_WARN__DUPLICATE_METHOD_MATCH = YES;
				COPY_PHASE_STRIP = NO;
				DEBUG_INFORMATION_FORMAT = "dwarf-with-dsym";
				ENABLE_NS_ASSERTIONS = NO;
				ENABLE_STRICT_OBJC_MSGSEND = YES;
				GCC_C_LANGUAGE_STANDARD = gnu11;
				GCC_NO_COMMON_BLOCKS = YES;
				GCC_WARN_64_TO_32_BIT_CONVERSION = YES;
				GCC_WARN_ABOUT_RETURN_TYPE = YES_ERROR;
				GCC_WARN_UNDECLARED_SELECTOR = YES;
				GCC_WARN_UNINITIALIZED_AUTOS = YES_AGGRESSIVE;
				GCC_WARN_UNUSED_FUNCTION = YES;
				GCC_WARN_UNUSED_VARIABLE = YES;
				MTL_ENABLE_DEBUG_INFO = NO;
				MTL_FAST_MATH = YES;
				SWIFT_COMPILATION_MODE = wholemodule;
				SWIFT_OPTIMIZATION_LEVEL = "-O";
			};
			name = Release;
		};
		F48CCA01256F00CF00A6F4A2 /* Debug */ = {
			isa = XCBuildConfiguration;
			buildSettings = {
				ASSETCATALOG_COMPILER_APPICON_NAME = AppIcon;
				ASSETCATALOG_COMPILER_GLOBAL_ACCENT_COLOR_NAME = AccentColor;
				CODE_SIGN_STYLE = Automatic;
				DEVELOPMENT_TEAM = 6D674326DK;
				ENABLE_PREVIEWS = YES;
				INFOPLIST_FILE = iOS/Info.plist;
				IPHONEOS_DEPLOYMENT_TARGET = 14.0;
				LD_RUNPATH_SEARCH_PATHS = (
					"$(inherited)",
					"@executable_path/Frameworks",
				);
				PRODUCT_BUNDLE_IDENTIFIER = "com.googlemail-simon2204s.Conways-Game-Of-Life";
				PRODUCT_NAME = "Conway's Game Of Life";
				SDKROOT = iphoneos;
				SWIFT_VERSION = 5.0;
				TARGETED_DEVICE_FAMILY = "1,2";
			};
			name = Debug;
		};
		F48CCA02256F00CF00A6F4A2 /* Release */ = {
			isa = XCBuildConfiguration;
			buildSettings = {
				ASSETCATALOG_COMPILER_APPICON_NAME = AppIcon;
				ASSETCATALOG_COMPILER_GLOBAL_ACCENT_COLOR_NAME = AccentColor;
				CODE_SIGN_STYLE = Automatic;
				DEVELOPMENT_TEAM = 6D674326DK;
				ENABLE_PREVIEWS = YES;
				INFOPLIST_FILE = iOS/Info.plist;
				IPHONEOS_DEPLOYMENT_TARGET = 14.0;
				LD_RUNPATH_SEARCH_PATHS = (
					"$(inherited)",
					"@executable_path/Frameworks",
				);
				PRODUCT_BUNDLE_IDENTIFIER = "com.googlemail-simon2204s.Conways-Game-Of-Life";
				PRODUCT_NAME = "Conway's Game Of Life";
				SDKROOT = iphoneos;
				SWIFT_VERSION = 5.0;
				TARGETED_DEVICE_FAMILY = "1,2";
				VALIDATE_PRODUCT = YES;
			};
			name = Release;
		};
		F48CCA04256F00CF00A6F4A2 /* Debug */ = {
			isa = XCBuildConfiguration;
			buildSettings = {
				ASSETCATALOG_COMPILER_APPICON_NAME = AppIcon;
				ASSETCATALOG_COMPILER_GLOBAL_ACCENT_COLOR_NAME = AccentColor;
				CODE_SIGN_ENTITLEMENTS = macOS/macOS.entitlements;
				CODE_SIGN_STYLE = Automatic;
				COMBINE_HIDPI_IMAGES = YES;
				DEVELOPMENT_TEAM = 6D674326DK;
				ENABLE_HARDENED_RUNTIME = YES;
				ENABLE_PREVIEWS = YES;
				INFOPLIST_FILE = macOS/Info.plist;
				LD_RUNPATH_SEARCH_PATHS = (
					"$(inherited)",
					"@executable_path/../Frameworks",
				);
				MACOSX_DEPLOYMENT_TARGET = 11.0;
				PRODUCT_BUNDLE_IDENTIFIER = "com.googlemail-simon2204s.Conway-s-Game-Of-Life";
				PRODUCT_NAME = "Conway's Game Of Life";
				SDKROOT = macosx;
				SWIFT_VERSION = 5.0;
			};
			name = Debug;
		};
		F48CCA05256F00CF00A6F4A2 /* Release */ = {
			isa = XCBuildConfiguration;
			buildSettings = {
				ASSETCATALOG_COMPILER_APPICON_NAME = AppIcon;
				ASSETCATALOG_COMPILER_GLOBAL_ACCENT_COLOR_NAME = AccentColor;
				CODE_SIGN_ENTITLEMENTS = macOS/macOS.entitlements;
				CODE_SIGN_STYLE = Automatic;
				COMBINE_HIDPI_IMAGES = YES;
				DEVELOPMENT_TEAM = 6D674326DK;
				ENABLE_HARDENED_RUNTIME = YES;
				ENABLE_PREVIEWS = YES;
				INFOPLIST_FILE = macOS/Info.plist;
				LD_RUNPATH_SEARCH_PATHS = (
					"$(inherited)",
					"@executable_path/../Frameworks",
				);
				MACOSX_DEPLOYMENT_TARGET = 11.0;
				PRODUCT_BUNDLE_IDENTIFIER = "com.googlemail-simon2204s.Conway-s-Game-Of-Life";
				PRODUCT_NAME = "Conway's Game Of Life";
				SDKROOT = macosx;
				SWIFT_VERSION = 5.0;
			};
			name = Release;
		};
/* End XCBuildConfiguration section */

/* Begin XCConfigurationList section */
		F48CC9E3256F00CD00A6F4A2 /* Build configuration list for PBXProject "Conway's Game Of Life" */ = {
			isa = XCConfigurationList;
			buildConfigurations = (
				F48CC9FE256F00CF00A6F4A2 /* Debug */,
				F48CC9FF256F00CF00A6F4A2 /* Release */,
			);
			defaultConfigurationIsVisible = 0;
			defaultConfigurationName = Release;
		};
		F48CCA00256F00CF00A6F4A2 /* Build configuration list for PBXNativeTarget "Conway's Game Of Life (iOS)" */ = {
			isa = XCConfigurationList;
			buildConfigurations = (
				F48CCA01256F00CF00A6F4A2 /* Debug */,
				F48CCA02256F00CF00A6F4A2 /* Release */,
			);
			defaultConfigurationIsVisible = 0;
			defaultConfigurationName = Release;
		};
		F48CCA03256F00CF00A6F4A2 /* Build configuration list for PBXNativeTarget "Conway's Game Of Life (macOS)" */ = {
			isa = XCConfigurationList;
			buildConfigurations = (
				F48CCA04256F00CF00A6F4A2 /* Debug */,
				F48CCA05256F00CF00A6F4A2 /* Release */,
			);
			defaultConfigurationIsVisible = 0;
			defaultConfigurationName = Release;
		};
/* End XCConfigurationList section */
	};
	rootObject = F48CC9E0256F00CD00A6F4A2 /* Project object */;
}
